<?xml version="1.0" encoding="utf-8"?>
<Project ToolsVersion="4.0" xmlns="http://schemas.microsoft.com/developer/msbuild/2003">
  <ItemGroup>
    <Filter Include="Source Files">
      <UniqueIdentifier>{e26f1eb4-005b-4499-9004-04d4f56b5619}</UniqueIdentifier>
    </Filter>
    <Filter Include="Header Files">
      <UniqueIdentifier>{d750805f-c083-4d2c-a5af-750e90ebf58c}</UniqueIdentifier>
    </Filter>
    <Filter Include="Resource Files">
      <UniqueIdentifier>{11f95342-1657-416d-a09f-e08d12e94e6a}</UniqueIdentifier>
      <Extensions>ico;cur;bmp;dlg;rc2;rct;bin;rgs;gif;jpg;jpeg;jpe</Extensions>
    </Filter>
  </ItemGroup>
  <ItemGroup>
    <ClCompile Include="..\..\lib\curl\amigaos.c">
      <Filter>Source Files</Filter>
    </ClCompile>
    <ClCompile Include="..\..\lib\curl\base64.c">
      <Filter>Source Files</Filter>
    </ClCompile>
    <ClCompile Include="..\..\lib\curl\connect.c">
      <Filter>Source Files</Filter>
    </ClCompile>
    <ClCompile Include="..\..\lib\curl\content_encoding.c">
      <Filter>Source Files</Filter>
    </ClCompile>
    <ClCompile Include="..\..\lib\curl\cookie.c">
      <Filter>Source Files</Filter>
    </ClCompile>
    <ClCompile Include="..\..\lib\curl\curl_addrinfo.c">
      <Filter>Source Files</Filter>
    </ClCompile>
    <ClCompile Include="..\..\lib\curl\curl_fnmatch.c">
      <Filter>Source Files</Filter>
    </ClCompile>
    <ClCompile Include="..\..\lib\curl\curl_memrchr.c">
      <Filter>Source Files</Filter>
    </ClCompile>
    <ClCompile Include="..\..\lib\curl\curl_rand.c">
      <Filter>Source Files</Filter>
    </ClCompile>
    <ClCompile Include="..\..\lib\curl\curl_rtmp.c">
      <Filter>Source Files</Filter>
    </ClCompile>
    <ClCompile Include="..\..\lib\curl\curl_sspi.c">
      <Filter>Source Files</Filter>
    </ClCompile>
    <ClCompile Include="..\..\lib\curl\curl_threads.c">
      <Filter>Source Files</Filter>
    </ClCompile>
    <ClCompile Include="..\..\lib\curl\dict.c">
      <Filter>Source Files</Filter>
    </ClCompile>
    <ClCompile Include="..\..\lib\curl\easy.c">
      <Filter>Source Files</Filter>
    </ClCompile>
    <ClCompile Include="..\..\lib\curl\escape.c">
      <Filter>Source Files</Filter>
    </ClCompile>
    <ClCompile Include="..\..\lib\curl\file.c">
      <Filter>Source Files</Filter>
    </ClCompile>
    <ClCompile Include="..\..\lib\curl\fileinfo.c">
      <Filter>Source Files</Filter>
    </ClCompile>
    <ClCompile Include="..\..\lib\curl\formdata.c">
      <Filter>Source Files</Filter>
    </ClCompile>
    <ClCompile Include="..\..\lib\curl\ftp.c">
      <Filter>Source Files</Filter>
    </ClCompile>
    <ClCompile Include="..\..\lib\curl\ftplistparser.c">
      <Filter>Source Files</Filter>
    </ClCompile>
    <ClCompile Include="..\..\lib\curl\getenv.c">
      <Filter>Source Files</Filter>
    </ClCompile>
    <ClCompile Include="..\..\lib\curl\getinfo.c">
      <Filter>Source Files</Filter>
    </ClCompile>
    <ClCompile Include="..\..\lib\curl\gtls.c">
      <Filter>Source Files</Filter>
    </ClCompile>
    <ClCompile Include="..\..\lib\curl\hash.c">
      <Filter>Source Files</Filter>
    </ClCompile>
    <ClCompile Include="..\..\lib\curl\hmac.c">
      <Filter>Source Files</Filter>
    </ClCompile>
    <ClCompile Include="..\..\lib\curl\hostares.c">
      <Filter>Source Files</Filter>
    </ClCompile>
    <ClCompile Include="..\..\lib\curl\hostasyn.c">
      <Filter>Source Files</Filter>
    </ClCompile>
    <ClCompile Include="..\..\lib\curl\hostip.c">
      <Filter>Source Files</Filter>
    </ClCompile>
    <ClCompile Include="..\..\lib\curl\hostip4.c">
      <Filter>Source Files</Filter>
    </ClCompile>
    <ClCompile Include="..\..\lib\curl\hostip6.c">
      <Filter>Source Files</Filter>
    </ClCompile>
    <ClCompile Include="..\..\lib\curl\hostsyn.c">
      <Filter>Source Files</Filter>
    </ClCompile>
    <ClCompile Include="..\..\lib\curl\hostthre.c">
      <Filter>Source Files</Filter>
    </ClCompile>
    <ClCompile Include="..\..\lib\curl\http.c">
      <Filter>Source Files</Filter>
    </ClCompile>
    <ClCompile Include="..\..\lib\curl\http_chunks.c">
      <Filter>Source Files</Filter>
    </ClCompile>
    <ClCompile Include="..\..\lib\curl\http_digest.c">
      <Filter>Source Files</Filter>
    </ClCompile>
    <ClCompile Include="..\..\lib\curl\http_negotiate.c">
      <Filter>Source Files</Filter>
    </ClCompile>
    <ClCompile Include="..\..\lib\curl\http_ntlm.c">
      <Filter>Source Files</Filter>
    </ClCompile>
    <ClCompile Include="..\..\lib\curl\if2ip.c">
      <Filter>Source Files</Filter>
    </ClCompile>
    <ClCompile Include="..\..\lib\curl\imap.c">
      <Filter>Source Files</Filter>
    </ClCompile>
    <ClCompile Include="..\..\lib\curl\inet_ntop.c">
      <Filter>Source Files</Filter>
    </ClCompile>
    <ClCompile Include="..\..\lib\curl\inet_pton.c">
      <Filter>Source Files</Filter>
    </ClCompile>
    <ClCompile Include="..\..\lib\curl\krb4.c">
      <Filter>Source Files</Filter>
    </ClCompile>
    <ClCompile Include="..\..\lib\curl\krb5.c">
      <Filter>Source Files</Filter>
    </ClCompile>
    <ClCompile Include="..\..\lib\curl\ldap.c">
      <Filter>Source Files</Filter>
    </ClCompile>
    <ClCompile Include="..\..\lib\curl\llist.c">
      <Filter>Source Files</Filter>
    </ClCompile>
    <ClCompile Include="..\..\lib\curl\md5.c">
      <Filter>Source Files</Filter>
    </ClCompile>
    <ClCompile Include="..\..\lib\curl\memdebug.c">
      <Filter>Source Files</Filter>
    </ClCompile>
    <ClCompile Include="..\..\lib\curl\mprintf.c">
      <Filter>Source Files</Filter>
    </ClCompile>
    <ClCompile Include="..\..\lib\curl\multi.c">
      <Filter>Source Files</Filter>
    </ClCompile>
    <ClCompile Include="..\..\lib\curl\netrc.c">
      <Filter>Source Files</Filter>
    </ClCompile>
    <ClCompile Include="..\..\lib\curl\nonblock.c">
      <Filter>Source Files</Filter>
    </ClCompile>
    <ClCompile Include="..\..\lib\curl\nss.c">
      <Filter>Source Files</Filter>
    </ClCompile>
    <ClCompile Include="..\..\lib\curl\nwlib.c">
      <Filter>Source Files</Filter>
    </ClCompile>
    <ClCompile Include="..\..\lib\curl\nwos.c">
      <Filter>Source Files</Filter>
    </ClCompile>
    <ClCompile Include="..\..\lib\curl\openldap.c">
      <Filter>Source Files</Filter>
    </ClCompile>
    <ClCompile Include="..\..\lib\curl\parsedate.c">
      <Filter>Source Files</Filter>
    </ClCompile>
    <ClCompile Include="..\..\lib\curl\pingpong.c">
      <Filter>Source Files</Filter>
    </ClCompile>
    <ClCompile Include="..\..\lib\curl\polarssl.c">
      <Filter>Source Files</Filter>
    </ClCompile>
    <ClCompile Include="..\..\lib\curl\pop3.c">
      <Filter>Source Files</Filter>
    </ClCompile>
    <ClCompile Include="..\..\lib\curl\progress.c">
      <Filter>Source Files</Filter>
    </ClCompile>
    <ClCompile Include="..\..\lib\curl\qssl.c">
      <Filter>Source Files</Filter>
    </ClCompile>
    <ClCompile Include="..\..\lib\curl\rawstr.c">
      <Filter>Source Files</Filter>
    </ClCompile>
    <ClCompile Include="..\..\lib\curl\rtsp.c">
      <Filter>Source Files</Filter>
    </ClCompile>
    <ClCompile Include="..\..\lib\curl\security.c">
      <Filter>Source Files</Filter>
    </ClCompile>
    <ClCompile Include="..\..\lib\curl\select.c">
      <Filter>Source Files</Filter>
    </ClCompile>
    <ClCompile Include="..\..\lib\curl\sendf.c">
      <Filter>Source Files</Filter>
    </ClCompile>
    <ClCompile Include="..\..\lib\curl\share.c">
      <Filter>Source Files</Filter>
    </ClCompile>
    <ClCompile Include="..\..\lib\curl\slist.c">
      <Filter>Source Files</Filter>
    </ClCompile>
    <ClCompile Include="..\..\lib\curl\smtp.c">
      <Filter>Source Files</Filter>
    </ClCompile>
    <ClCompile Include="..\..\lib\curl\socks.c">
      <Filter>Source Files</Filter>
    </ClCompile>
    <ClCompile Include="..\..\lib\curl\socks_gssapi.c">
      <Filter>Source Files</Filter>
    </ClCompile>
    <ClCompile Include="..\..\lib\curl\socks_sspi.c">
      <Filter>Source Files</Filter>
    </ClCompile>
    <ClCompile Include="..\..\lib\curl\speedcheck.c">
      <Filter>Source Files</Filter>
    </ClCompile>
    <ClCompile Include="..\..\lib\curl\splay.c">
      <Filter>Source Files</Filter>
    </ClCompile>
    <ClCompile Include="..\..\lib\curl\ssh.c">
      <Filter>Source Files</Filter>
    </ClCompile>
    <ClCompile Include="..\..\lib\curl\sslgen.c">
      <Filter>Source Files</Filter>
    </ClCompile>
    <ClCompile Include="..\..\lib\curl\ssluse.c">
      <Filter>Source Files</Filter>
    </ClCompile>
    <ClCompile Include="..\..\lib\curl\strdup.c">
      <Filter>Source Files</Filter>
    </ClCompile>
    <ClCompile Include="..\..\lib\curl\strequal.c">
      <Filter>Source Files</Filter>
    </ClCompile>
    <ClCompile Include="..\..\lib\curl\strerror.c">
      <Filter>Source Files</Filter>
    </ClCompile>
    <ClCompile Include="..\..\lib\curl\strtok.c">
      <Filter>Source Files</Filter>
    </ClCompile>
    <ClCompile Include="..\..\lib\curl\strtoofft.c">
      <Filter>Source Files</Filter>
    </ClCompile>
    <ClCompile Include="..\..\lib\curl\telnet.c">
      <Filter>Source Files</Filter>
    </ClCompile>
    <ClCompile Include="..\..\lib\curl\tftp.c">
      <Filter>Source Files</Filter>
    </ClCompile>
    <ClCompile Include="..\..\lib\curl\timeval.c">
      <Filter>Source Files</Filter>
    </ClCompile>
    <ClCompile Include="..\..\lib\curl\transfer.c">
      <Filter>Source Files</Filter>
    </ClCompile>
    <ClCompile Include="..\..\lib\curl\url.c">
      <Filter>Source Files</Filter>
    </ClCompile>
    <ClCompile Include="..\..\lib\curl\version.c">
      <Filter>Source Files</Filter>
    </ClCompile>
    <ClCompile Include="..\..\lib\curl\warnless.c">
      <Filter>Source Files</Filter>
    </ClCompile>
    <ClCompile Include="..\..\lib\curl\wildcard.c">
      <Filter>Source Files</Filter>
    </ClCompile>
  </ItemGroup>
  <ItemGroup>
    <ClInclude Include="..\..\lib\curl\amigaos.h">
      <Filter>Source Files</Filter>
    </ClInclude>
    <ClInclude Include="..\..\lib\curl\arpa_telnet.h">
      <Filter>Source Files</Filter>
    </ClInclude>
    <ClInclude Include="..\..\lib\curl\config-amigaos.h">
      <Filter>Source Files</Filter>
    </ClInclude>
    <ClInclude Include="..\..\lib\curl\config-mac.h">
      <Filter>Source Files</Filter>
    </ClInclude>
    <ClInclude Include="..\..\lib\curl\config-os400.h">
      <Filter>Source Files</Filter>
    </ClInclude>
    <ClInclude Include="..\..\lib\curl\config-riscos.h">
      <Filter>Source Files</Filter>
    </ClInclude>
    <ClInclude Include="..\..\lib\curl\config-symbian.h">
      <Filter>Source Files</Filter>
    </ClInclude>
    <ClInclude Include="..\..\lib\curl\config-tpf.h">
      <Filter>Source Files</Filter>
    </ClInclude>
    <ClInclude Include="..\..\lib\curl\config-vxworks.h">
      <Filter>Source Files</Filter>
    </ClInclude>
    <ClInclude Include="..\..\lib\curl\config-win32.h">
      <Filter>Source Files</Filter>
    </ClInclude>
    <ClInclude Include="..\..\lib\curl\config-win32ce.h">
      <Filter>Source Files</Filter>
    </ClInclude>
    <ClInclude Include="..\..\lib\curl\connect.h">
      <Filter>Source Files</Filter>
    </ClInclude>
    <ClInclude Include="..\..\lib\curl\content_encoding.h">
      <Filter>Source Files</Filter>
    </ClInclude>
    <ClInclude Include="..\..\lib\curl\cookie.h">
      <Filter>Source Files</Filter>
    </ClInclude>
    <ClInclude Include="..\..\lib\curl\curl_addrinfo.h">
      <Filter>Source Files</Filter>
    </ClInclude>
    <ClInclude Include="..\..\lib\curl\curl_base64.h">
      <Filter>Source Files</Filter>
    </ClInclude>
    <ClInclude Include="..\..\lib\curl\curl_fnmatch.h">
      <Filter>Source Files</Filter>
    </ClInclude>
    <ClInclude Include="..\..\lib\curl\curl_hmac.h">
      <Filter>Source Files</Filter>
    </ClInclude>
    <ClInclude Include="..\..\lib\curl\curl_ldap.h">
      <Filter>Source Files</Filter>
    </ClInclude>
    <ClInclude Include="..\..\lib\curl\curl_md5.h">
      <Filter>Source Files</Filter>
    </ClInclude>
    <ClInclude Include="..\..\lib\curl\curl_memory.h">
      <Filter>Source Files</Filter>
    </ClInclude>
    <ClInclude Include="..\..\lib\curl\curl_memrchr.h">
      <Filter>Source Files</Filter>
    </ClInclude>
    <ClInclude Include="..\..\lib\curl\curl_rand.h">
      <Filter>Source Files</Filter>
    </ClInclude>
    <ClInclude Include="..\..\lib\curl\curl_rtmp.h">
      <Filter>Source Files</Filter>
    </ClInclude>
    <ClInclude Include="..\..\lib\curl\curl_sspi.h">
      <Filter>Source Files</Filter>
    </ClInclude>
    <ClInclude Include="..\..\lib\curl\curl_threads.h">
      <Filter>Source Files</Filter>
    </ClInclude>
    <ClInclude Include="..\..\lib\curl\curlx.h">
      <Filter>Source Files</Filter>
    </ClInclude>
    <ClInclude Include="..\..\lib\curl\dict.h">
      <Filter>Source Files</Filter>
    </ClInclude>
    <ClInclude Include="..\..\lib\curl\easyif.h">
      <Filter>Source Files</Filter>
    </ClInclude>
    <ClInclude Include="..\..\lib\curl\escape.h">
      <Filter>Source Files</Filter>
    </ClInclude>
    <ClInclude Include="..\..\lib\curl\file.h">
      <Filter>Source Files</Filter>
    </ClInclude>
    <ClInclude Include="..\..\lib\curl\fileinfo.h">
      <Filter>Source Files</Filter>
    </ClInclude>
    <ClInclude Include="..\..\lib\curl\formdata.h">
      <Filter>Source Files</Filter>
    </ClInclude>
    <ClInclude Include="..\..\lib\curl\ftp.h">
      <Filter>Source Files</Filter>
    </ClInclude>
    <ClInclude Include="..\..\lib\curl\ftplistparser.h">
      <Filter>Source Files</Filter>
    </ClInclude>
    <ClInclude Include="..\..\lib\curl\getinfo.h">
      <Filter>Source Files</Filter>
    </ClInclude>
    <ClInclude Include="..\..\lib\curl\gtls.h">
      <Filter>Source Files</Filter>
    </ClInclude>
    <ClInclude Include="..\..\lib\curl\hash.h">
      <Filter>Source Files</Filter>
    </ClInclude>
    <ClInclude Include="..\..\lib\curl\hostip.h">
      <Filter>Source Files</Filter>
    </ClInclude>
    <ClInclude Include="..\..\lib\curl\http.h">
      <Filter>Source Files</Filter>
    </ClInclude>
    <ClInclude Include="..\..\lib\curl\http_chunks.h">
      <Filter>Source Files</Filter>
    </ClInclude>
    <ClInclude Include="..\..\lib\curl\http_digest.h">
      <Filter>Source Files</Filter>
    </ClInclude>
    <ClInclude Include="..\..\lib\curl\http_negotiate.h">
      <Filter>Source Files</Filter>
    </ClInclude>
    <ClInclude Include="..\..\lib\curl\http_ntlm.h">
      <Filter>Source Files</Filter>
    </ClInclude>
    <ClInclude Include="..\..\lib\curl\if2ip.h">
      <Filter>Source Files</Filter>
    </ClInclude>
    <ClInclude Include="..\..\lib\curl\imap.h">
      <Filter>Source Files</Filter>
    </ClInclude>
    <ClInclude Include="..\..\lib\curl\inet_ntop.h">
      <Filter>Source Files</Filter>
    </ClInclude>
    <ClInclude Include="..\..\lib\curl\inet_pton.h">
      <Filter>Source Files</Filter>
    </ClInclude>
    <ClInclude Include="..\..\lib\curl\krb4.h">
      <Filter>Source Files</Filter>
    </ClInclude>
    <ClInclude Include="..\..\lib\curl\llist.h">
      <Filter>Source Files</Filter>
    </ClInclude>
    <ClInclude Include="..\..\lib\curl\memdebug.h">
      <Filter>Source Files</Filter>
    </ClInclude>
    <ClInclude Include="..\..\lib\curl\multiif.h">
      <Filter>Source Files</Filter>
    </ClInclude>
    <ClInclude Include="..\..\lib\curl\netrc.h">
      <Filter>Source Files</Filter>
    </ClInclude>
    <ClInclude Include="..\..\lib\curl\nonblock.h">
      <Filter>Source Files</Filter>
    </ClInclude>
    <ClInclude Include="..\..\lib\curl\nssg.h">
      <Filter>Source Files</Filter>
    </ClInclude>
    <ClInclude Include="..\..\lib\curl\parsedate.h">
      <Filter>Source Files</Filter>
    </ClInclude>
    <ClInclude Include="..\..\lib\curl\pingpong.h">
      <Filter>Source Files</Filter>
    </ClInclude>
    <ClInclude Include="..\..\lib\curl\polarssl.h">
      <Filter>Source Files</Filter>
    </ClInclude>
    <ClInclude Include="..\..\lib\curl\pop3.h">
      <Filter>Source Files</Filter>
    </ClInclude>
    <ClInclude Include="..\..\lib\curl\progress.h">
      <Filter>Source Files</Filter>
    </ClInclude>
    <ClInclude Include="..\..\lib\curl\qssl.h">
      <Filter>Source Files</Filter>
    </ClInclude>
    <ClInclude Include="..\..\lib\curl\rawstr.h">
      <Filter>Source Files</Filter>
    </ClInclude>
    <ClInclude Include="..\..\lib\curl\rtsp.h">
      <Filter>Source Files</Filter>
    </ClInclude>
    <ClInclude Include="..\..\lib\curl\select.h">
      <Filter>Source Files</Filter>
    </ClInclude>
    <ClInclude Include="..\..\lib\curl\sendf.h">
      <Filter>Source Files</Filter>
    </ClInclude>
    <ClInclude Include="..\..\lib\curl\setup-os400.h">
      <Filter>Source Files</Filter>
    </ClInclude>
    <ClInclude Include="..\..\lib\curl\setup.h">
      <Filter>Source Files</Filter>
    </ClInclude>
    <ClInclude Include="..\..\lib\curl\setup_once.h">
      <Filter>Source Files</Filter>
    </ClInclude>
    <ClInclude Include="..\..\lib\curl\share.h">
      <Filter>Source Files</Filter>
    </ClInclude>
    <ClInclude Include="..\..\lib\curl\slist.h">
      <Filter>Source Files</Filter>
    </ClInclude>
    <ClInclude Include="..\..\lib\curl\smtp.h">
      <Filter>Source Files</Filter>
    </ClInclude>
    <ClInclude Include="..\..\lib\curl\sockaddr.h">
      <Filter>Source Files</Filter>
    </ClInclude>
    <ClInclude Include="..\..\lib\curl\socks.h">
      <Filter>Source Files</Filter>
    </ClInclude>
    <ClInclude Include="..\..\lib\curl\speedcheck.h">
      <Filter>Source Files</Filter>
    </ClInclude>
    <ClInclude Include="..\..\lib\curl\splay.h">
      <Filter>Source Files</Filter>
    </ClInclude>
    <ClInclude Include="..\..\lib\curl\ssh.h">
      <Filter>Source Files</Filter>
    </ClInclude>
    <ClInclude Include="..\..\lib\curl\sslgen.h">
      <Filter>Source Files</Filter>
    </ClInclude>
    <ClInclude Include="..\..\lib\curl\ssluse.h">
      <Filter>Source Files</Filter>
    </ClInclude>
    <ClInclude Include="..\..\lib\curl\strdup.h">
      <Filter>Source Files</Filter>
    </ClInclude>
    <ClInclude Include="..\..\lib\curl\strequal.h">
      <Filter>Source Files</Filter>
    </ClInclude>
    <ClInclude Include="..\..\lib\curl\strerror.h">
      <Filter>Source Files</Filter>
    </ClInclude>
    <ClInclude Include="..\..\lib\curl\strtok.h">
      <Filter>Source Files</Filter>
    </ClInclude>
    <ClInclude Include="..\..\lib\curl\strtoofft.h">
      <Filter>Source Files</Filter>
    </ClInclude>
    <ClInclude Include="..\..\lib\curl\telnet.h">
      <Filter>Source Files</Filter>
    </ClInclude>
    <ClInclude Include="..\..\lib\curl\tftp.h">
      <Filter>Source Files</Filter>
    </ClInclude>
    <ClInclude Include="..\..\lib\curl\timeval.h">
      <Filter>Source Files</Filter>
    </ClInclude>
    <ClInclude Include="..\..\lib\curl\transfer.h">
      <Filter>Source Files</Filter>
    </ClInclude>
    <ClInclude Include="..\..\lib\curl\url.h">
      <Filter>Source Files</Filter>
    </ClInclude>
    <ClInclude Include="..\..\lib\curl\urldata.h">
      <Filter>Source Files</Filter>
    </ClInclude>
    <ClInclude Include="..\..\lib\curl\warnless.h">
      <Filter>Source Files</Filter>
    </ClInclude>
    <ClInclude Include="..\..\lib\curl\wildcard.h">
      <Filter>Source Files</Filter>
    </ClInclude>
    <ClInclude Include="..\..\include\curl\curl.h">
      <Filter>Header Files</Filter>
    </ClInclude>
    <ClInclude Include="..\..\include\curl\curlbuild.h">
      <Filter>Header Files</Filter>
    </ClInclude>
    <ClInclude Include="..\..\include\curl\curlrules.h">
      <Filter>Header Files</Filter>
    </ClInclude>
    <ClInclude Include="..\..\include\curl\curlver.h">
      <Filter>Header Files</Filter>
    </ClInclude>
    <ClInclude Include="..\..\include\curl\easy.h">
      <Filter>Header Files</Filter>
    </ClInclude>
    <ClInclude Include="..\..\include\curl\mprintf.h">
      <Filter>Header Files</Filter>
    </ClInclude>
    <ClInclude Include="..\..\include\curl\multi.h">
      <Filter>Header Files</Filter>
    </ClInclude>
    <ClInclude Include="..\..\include\curl\stdcheaders.h">
      <Filter>Header Files</Filter>
    </ClInclude>
    <ClInclude Include="..\..\include\curl\typecheck-gcc.h">
      <Filter>Header Files</Filter>
    </ClInclude>
    <ClInclude Include="..\..\include\curl\types.h">
      <Filter>Header Files</Filter>
    </ClInclude>
  </ItemGroup>
</Project>